
Microsoft Visual Studio Solution File, Format Version 12.00
# Visual Studio Version 17
VisualStudioVersion = 17.8.34322.80
MinimumVisualStudioVersion = 10.0.40219.1
Project("{FAE04EC0-301F-11D3-BF4B-00C04F79EFBC}") = "ArrayListGeneric", "ArrayListGeneric.csproj", "{22B84131-E693-4198-8FED-28DBFC337419}"
EndProject
Global
	GlobalSection(SolutionConfigurationPlatforms) = preSolution
		Debug|Any CPU = Debug|Any CPU
		Release|Any CPU = Release|Any CPU
	EndGlobalSection
	GlobalSection(ProjectConfigurationPlatforms) = postSolution
		{22B84131-E693-4198-8FED-28DBFC337419}.Debug|Any CPU.ActiveCfg = Debug|Any CPU
		{22B84131-E693-4198-8FED-28DBFC337419}.Debug|Any CPU.Build.0 = Debug|Any CPU
		{22B84131-E693-4198-8FED-28DBFC337419}.Release|Any CPU.ActiveCfg = Release|Any CPU
		{22B84131-E693-4198-8FED-28DBFC337419}.Release|Any CPU.Build.0 = Release|Any CPU
	EndGlobalSection
	GlobalSection(SolutionProperties) = preSolution
		HideSolutionNode = FALSE
	EndGlobalSection
	GlobalSection(ExtensibilityGlobals) = postSolution
		SolutionGuid = {DB3A875E-1AA3-4F78-8A18-5D3A1192FD32}
	EndGlobalSection
EndGlobal
